{
  "name": "material",
  "lockfileVersion": 3,
  "requires": true,
  "packages": {
    "": {
      "dependencies": {
        "material-symbols": "^0.29.1"
      }
    },
    "node_modules/material-symbols": {
      "version": "0.29.1",
      "resolved": "https://registry.npmjs.org/material-symbols/-/material-symbols-0.29.1.tgz",
      "integrity": "sha512-kZACL+R/u+bbvPBQJifF3pDH8Pko0MR1V8+NwTQ1S8pXH36uAOnl86qY6dHqOy2ut8EfYL/w0HL7wd9eYBSMCg=="
    }
  }
}
